
Microsoft Visual Studio Solution File, Format Version 12.00
# Visual Studio Version 17
VisualStudioVersion = 17.9.34723.18
MinimumVisualStudioVersion = 10.0.40219.1
Project("{8BC9CEB8-8B4A-11D0-8D11-00A0C91BC942}") = "Battleship Allen Test Bed", "Battleship Allen Test Bed.vcxproj", "{E9371FC4-3B6E-40C6-9B9C-5275C47A97BC}"
EndProject
Global
	GlobalSection(SolutionConfigurationPlatforms) = preSolution
		Debug|x64 = Debug|x64
		Debug|x86 = Debug|x86
		Release|x64 = Release|x64
		Release|x86 = Release|x86
	EndGlobalSection
	GlobalSection(ProjectConfigurationPlatforms) = postSolution
		{E9371FC4-3B6E-40C6-9B9C-5275C47A97BC}.Debug|x64.ActiveCfg = Debug|x64
		{E9371FC4-3B6E-40C6-9B9C-5275C47A97BC}.Debug|x64.Build.0 = Debug|x64
		{E9371FC4-3B6E-40C6-9B9C-5275C47A97BC}.Debug|x86.ActiveCfg = Debug|Win32
		{E9371FC4-3B6E-40C6-9B9C-5275C47A97BC}.Debug|x86.Build.0 = Debug|Win32
		{E9371FC4-3B6E-40C6-9B9C-5275C47A97BC}.Release|x64.ActiveCfg = Release|x64
		{E9371FC4-3B6E-40C6-9B9C-5275C47A97BC}.Release|x64.Build.0 = Release|x64
		{E9371FC4-3B6E-40C6-9B9C-5275C47A97BC}.Release|x86.ActiveCfg = Release|Win32
		{E9371FC4-3B6E-40C6-9B9C-5275C47A97BC}.Release|x86.Build.0 = Release|Win32
	EndGlobalSection
	GlobalSection(SolutionProperties) = preSolution
		HideSolutionNode = FALSE
	EndGlobalSection
	GlobalSection(ExtensibilityGlobals) = postSolution
		SolutionGuid = {2E538C59-95AC-4C15-9A1F-E9C3FEC1D1A5}
	EndGlobalSection
EndGlobal
